// !$*UTF8*$!
{
	archiveVersion = 1;
	classes = {
	};
	objectVersion = 51;
	objects = {

/* Begin PBXBuildFile section */
		1427E915171EF57AA88AB781 /* Pods_HowlTalk.framework in Frameworks */ = {isa = PBXBuildFile; fileRef = 28502CB34FAA97AE04060D3F /* Pods_HowlTalk.framework */; };
		E612EAE4232FF7BB0054D9AA /* RemoteConfigDefaults.plist in Resources */ = {isa = PBXBuildFile; fileRef = E612EAE3232FF7BB0054D9AA /* RemoteConfigDefaults.plist */; };
		E6BA2FA1230835B300292A2D /* AppDelegate.swift in Sources */ = {isa = PBXBuildFile; fileRef = E6BA2FA0230835B300292A2D /* AppDelegate.swift */; };
		E6BA2FA3230835B300292A2D /* ViewController.swift in Sources */ = {isa = PBXBuildFile; fileRef = E6BA2FA2230835B300292A2D /* ViewController.swift */; };
		E6BA2FA6230835B300292A2D /* Main.storyboard in Resources */ = {isa = PBXBuildFile; fileRef = E6BA2FA4230835B300292A2D /* Main.storyboard */; };
		E6BA2FA8230835B400292A2D /* Assets.xcassets in Resources */ = {isa = PBXBuildFile; fileRef = E6BA2FA7230835B400292A2D /* Assets.xcassets */; };
		E6BA2FAB230835B400292A2D /* LaunchScreen.storyboard in Resources */ = {isa = PBXBuildFile; fileRef = E6BA2FA9230835B400292A2D /* LaunchScreen.storyboard */; };
		E6BA2FB3230836F900292A2D /* GoogleService-Info.plist in Resources */ = {isa = PBXBuildFile; fileRef = E6BA2FB2230836F900292A2D /* GoogleService-Info.plist */; };
/* End PBXBuildFile section */

/* Begin PBXFileReference section */
		28502CB34FAA97AE04060D3F /* Pods_HowlTalk.framework */ = {isa = PBXFileReference; explicitFileType = wrapper.framework; includeInIndex = 0; path = Pods_HowlTalk.framework; sourceTree = BUILT_PRODUCTS_DIR; };
		87D4227B0A47537750544A8A /* Pods-HowlTalk.debug.xcconfig */ = {isa = PBXFileReference; includeInIndex = 1; lastKnownFileType = text.xcconfig; name = "Pods-HowlTalk.debug.xcconfig"; path = "Target Support Files/Pods-HowlTalk/Pods-HowlTalk.debug.xcconfig"; sourceTree = "<group>"; };
		E5D7B6F88D4C151D7B732CB1 /* Pods-HowlTalk.release.xcconfig */ = {isa = PBXFileReference; includeInIndex = 1; lastKnownFileType = text.xcconfig; name = "Pods-HowlTalk.release.xcconfig"; path = "Target Support Files/Pods-HowlTalk/Pods-HowlTalk.release.xcconfig"; sourceTree = "<group>"; };
		E612EAE3232FF7BB0054D9AA /* RemoteConfigDefaults.plist */ = {isa = PBXFileReference; lastKnownFileType = text.plist.xml; path = RemoteConfigDefaults.plist; sourceTree = "<group>"; };
		E6BA2F9D230835B300292A2D /* HowlTalk.app */ = {isa = PBXFileReference; explicitFileType = wrapper.application; includeInIndex = 0; path = HowlTalk.app; sourceTree = BUILT_PRODUCTS_DIR; };
		E6BA2FA0230835B300292A2D /* AppDelegate.swift */ = {isa = PBXFileReference; lastKnownFileType = sourcecode.swift; path = AppDelegate.swift; sourceTree = "<group>"; };
		E6BA2FA2230835B300292A2D /* ViewController.swift */ = {isa = PBXFileReference; lastKnownFileType = sourcecode.swift; path = ViewController.swift; sourceTree = "<group>"; };
		E6BA2FA5230835B300292A2D /* Base */ = {isa = PBXFileReference; lastKnownFileType = file.storyboard; name = Base; path = Base.lproj/Main.storyboard; sourceTree = "<group>"; };
		E6BA2FA7230835B400292A2D /* Assets.xcassets */ = {isa = PBXFileReference; lastKnownFileType = folder.assetcatalog; path = Assets.xcassets; sourceTree = "<group>"; };
		E6BA2FAA230835B400292A2D /* Base */ = {isa = PBXFileReference; lastKnownFileType = file.storyboard; name = Base; path = Base.lproj/LaunchScreen.storyboard; sourceTree = "<group>"; };
		E6BA2FAC230835B400292A2D /* Info.plist */ = {isa = PBXFileReference; lastKnownFileType = text.plist.xml; path = Info.plist; sourceTree = "<group>"; };
		E6BA2FB2230836F900292A2D /* GoogleService-Info.plist */ = {isa = PBXFileReference; fileEncoding = 4; lastKnownFileType = text.plist.xml; path = "GoogleService-Info.plist"; sourceTree = "<group>"; };
/* End PBXFileReference section */

/* Begin PBXFrameworksBuildPhase section */
		E6BA2F9A230835B200292A2D /* Frameworks */ = {
			isa = PBXFrameworksBuildPhase;
			buildActionMask = 2147483647;
			files = (
				1427E915171EF57AA88AB781 /* Pods_HowlTalk.framework in Frameworks */,
			);
			runOnlyForDeploymentPostprocessing = 0;
		};
/* End PBXFrameworksBuildPhase section */

/* Begin PBXGroup section */
		819AA3D5F0BE0E4DB015AEEB /* Frameworks */ = {
			isa = PBXGroup;
			children = (
				28502CB34FAA97AE04060D3F /* Pods_HowlTalk.framework */,
			);
			name = Frameworks;
			sourceTree = "<group>";
		};
		9DF8445636665003558EA392 /* Pods */ = {
			isa = PBXGroup;
			children = (
				87D4227B0A47537750544A8A /* Pods-HowlTalk.debug.xcconfig */,
				E5D7B6F88D4C151D7B732CB1 /* Pods-HowlTalk.release.xcconfig */,
			);
			path = Pods;
			sourceTree = "<group>";
		};
		E6BA2F94230835B200292A2D = {
			isa = PBXGroup;
			children = (
				E6BA2F9F230835B300292A2D /* HowlTalk */,
				E6BA2F9E230835B300292A2D /* Products */,
				9DF8445636665003558EA392 /* Pods */,
				819AA3D5F0BE0E4DB015AEEB /* Frameworks */,
			);
			sourceTree = "<group>";
		};
		E6BA2F9E230835B300292A2D /* Products */ = {
			isa = PBXGroup;
			children = (
				E6BA2F9D230835B300292A2D /* HowlTalk.app */,
			);
			name = Products;
			sourceTree = "<group>";
		};
		E6BA2F9F230835B300292A2D /* HowlTalk */ = {
			isa = PBXGroup;
			children = (
				E6BA2FB2230836F900292A2D /* GoogleService-Info.plist */,
				E6BA2FA0230835B300292A2D /* AppDelegate.swift */,
				E6BA2FA2230835B300292A2D /* ViewController.swift */,
				E6BA2FA4230835B300292A2D /* Main.storyboard */,
				E6BA2FA7230835B400292A2D /* Assets.xcassets */,
				E6BA2FA9230835B400292A2D /* LaunchScreen.storyboard */,
				E6BA2FAC230835B400292A2D /* Info.plist */,
				E612EAE3232FF7BB0054D9AA /* RemoteConfigDefaults.plist */,
			);
			path = HowlTalk;
			sourceTree = "<group>";
		};
/* End PBXGroup section */

/* Begin PBXNativeTarget section */
		E6BA2F9C230835B200292A2D /* HowlTalk */ = {
			isa = PBXNativeTarget;
			buildConfigurationList = E6BA2FAF230835B400292A2D /* Build configuration list for PBXNativeTarget "HowlTalk" */;
			buildPhases = (
				FA869F8C32E17FC13D50243E /* [CP] Check Pods Manifest.lock */,
				E6BA2F99230835B200292A2D /* Sources */,
				E6BA2F9A230835B200292A2D /* Frameworks */,
				E6BA2F9B230835B200292A2D /* Resources */,
				C9FD3A293D02D0A4C105B581 /* [CP] Embed Pods Frameworks */,
			);
			buildRules = (
			);
			dependencies = (
			);
			name = HowlTalk;
			productName = HowlTalk;
			productReference = E6BA2F9D230835B300292A2D /* HowlTalk.app */;
			productType = "com.apple.product-type.application";
		};
/* End PBXNativeTarget section */

/* Begin PBXProject section */
		E6BA2F95230835B200292A2D /* Project object */ = {
			isa = PBXProject;
			attributes = {
				LastSwiftUpdateCheck = 1020;
				LastUpgradeCheck = 1020;
				ORGANIZATIONNAME = "차수연";
				TargetAttributes = {
					E6BA2F9C230835B200292A2D = {
						CreatedOnToolsVersion = 10.2;
					};
				};
			};
			buildConfigurationList = E6BA2F98230835B200292A2D /* Build configuration list for PBXProject "HowlTalk" */;
			compatibilityVersion = "Xcode 9.3";
			developmentRegion = en;
			hasScannedForEncodings = 0;
			knownRegions = (
				en,
				Base,
			);
			mainGroup = E6BA2F94230835B200292A2D;
			productRefGroup = E6BA2F9E230835B300292A2D /* Products */;
			projectDirPath = "";
			projectRoot = "";
			targets = (
				E6BA2F9C230835B200292A2D /* HowlTalk */,
			);
		};
/* End PBXProject section */

/* Begin PBXResourcesBuildPhase section */
		E6BA2F9B230835B200292A2D /* Resources */ = {
			isa = PBXResourcesBuildPhase;
			buildActionMask = 2147483647;
			files = (
				E6BA2FAB230835B400292A2D /* LaunchScreen.storyboard in Resources */,
				E612EAE4232FF7BB0054D9AA /* RemoteConfigDefaults.plist in Resources */,
				E6BA2FB3230836F900292A2D /* GoogleService-Info.plist in Resources */,
				E6BA2FA8230835B400292A2D /* Assets.xcassets in Resources */,
				E6BA2FA6230835B300292A2D /* Main.storyboard in Resources */,
			);
			runOnlyForDeploymentPostprocessing = 0;
		};
/* End PBXResourcesBuildPhase section */

/* Begin PBXShellScriptBuildPhase section */
		C9FD3A293D02D0A4C105B581 /* [CP] Embed Pods Frameworks */ = {
			isa = PBXShellScriptBuildPhase;
			buildActionMask = 2147483647;
			files = (
			);
			inputFileListPaths = (
				"${PODS_ROOT}/Target Support Files/Pods-HowlTalk/Pods-HowlTalk-frameworks-${CONFIGURATION}-input-files.xcfilelist",
			);
			name = "[CP] Embed Pods Frameworks";
			outputFileListPaths = (
				"${PODS_ROOT}/Target Support Files/Pods-HowlTalk/Pods-HowlTalk-frameworks-${CONFIGURATION}-output-files.xcfilelist",
			);
			runOnlyForDeploymentPostprocessing = 0;
			shellPath = /bin/sh;
			shellScript = "\"${PODS_ROOT}/Target Support Files/Pods-HowlTalk/Pods-HowlTalk-frameworks.sh\"\n";
			showEnvVarsInLog = 0;
		};
		FA869F8C32E17FC13D50243E /* [CP] Check Pods Manifest.lock */ = {
			isa = PBXShellScriptBuildPhase;
			buildActionMask = 2147483647;
			files = (
			);
			inputFileListPaths = (
			);
			inputPaths = (
				"${PODS_PODFILE_DIR_PATH}/Podfile.lock",
				"${PODS_ROOT}/Manifest.lock",
			);
			name = "[CP] Check Pods Manifest.lock";
			outputFileListPaths = (
			);
			outputPaths = (
				"$(DERIVED_FILE_DIR)/Pods-HowlTalk-checkManifestLockResult.txt",
			);
			runOnlyForDeploymentPostprocessing = 0;
			shellPath = /bin/sh;
			shellScript = "diff \"${PODS_PODFILE_DIR_PATH}/Podfile.lock\" \"${PODS_ROOT}/Manifest.lock\" > /dev/null\nif [ $? != 0 ] ; then\n    # print error to STDERR\n    echo \"error: The sandbox is not in sync with the Podfile.lock. Run 'pod install' or update your CocoaPods installation.\" >&2\n    exit 1\nfi\n# This output is used by Xcode 'outputs' to avoid re-running this script phase.\necho \"SUCCESS\" > \"${SCRIPT_OUTPUT_FILE_0}\"\n";
			showEnvVarsInLog = 0;
		};
/* End PBXShellScriptBuildPhase section */

/* Begin PBXSourcesBuildPhase section */
		E6BA2F99230835B200292A2D /* Sources */ = {
			isa = PBXSourcesBuildPhase;
			buildActionMask = 2147483647;
			files = (
				E6BA2FA3230835B300292A2D /* ViewController.swift in Sources */,
				E6BA2FA1230835B300292A2D /* AppDelegate.swift in Sources */,
			);
			runOnlyForDeploymentPostprocessing = 0;
		};
/* End PBXSourcesBuildPhase section */

/* Begin PBXVariantGroup section */
		E6BA2FA4230835B300292A2D /* Main.storyboard */ = {
			isa = PBXVariantGroup;
			children = (
				E6BA2FA5230835B300292A2D /* Base */,
			);
			name = Main.storyboard;
			sourceTree = "<group>";
		};
		E6BA2FA9230835B400292A2D /* LaunchScreen.storyboard */ = {
			isa = PBXVariantGroup;
			children = (
				E6BA2FAA230835B400292A2D /* Base */,
			);
			name = LaunchScreen.storyboard;
			sourceTree = "<group>";
		};
/* End PBXVariantGroup section */

/* Begin XCBuildConfiguration section */
		E6BA2FAD230835B400292A2D /* Debug */ = {
			isa = XCBuildConfiguration;
			buildSettings = {
				ALWAYS_SEARCH_USER_PATHS = NO;
				CLANG_ANALYZER_NONNULL = YES;
				CLANG_ANALYZER_NUMBER_OBJECT_CONVERSION = YES_AGGRESSIVE;
				CLANG_CXX_LANGUAGE_STANDARD = "gnu++14";
				CLANG_CXX_LIBRARY = "libc++";
				CLANG_ENABLE_MODULES = YES;
				CLANG_ENABLE_OBJC_ARC = YES;
				CLANG_ENABLE_OBJC_WEAK = YES;
				CLANG_WARN_BLOCK_CAPTURE_AUTORELEASING = YES;
				CLANG_WARN_BOOL_CONVERSION = YES;
				CLANG_WARN_COMMA = YES;
				CLANG_WARN_CONSTANT_CONVERSION = YES;
				CLANG_WARN_DEPRECATED_OBJC_IMPLEMENTATIONS = YES;
				CLANG_WARN_DIRECT_OBJC_ISA_USAGE = YES_ERROR;
				CLANG_WARN_DOCUMENTATION_COMMENTS = YES;
				CLANG_WARN_EMPTY_BODY = YES;
				CLANG_WARN_ENUM_CONVERSION = YES;
				CLANG_WARN_INFINITE_RECURSION = YES;
				CLANG_WARN_INT_CONVERSION = YES;
				CLANG_WARN_NON_LITERAL_NULL_CONVERSION = YES;
				CLANG_WARN_OBJC_IMPLICIT_RETAIN_SELF = YES;
				CLANG_WARN_OBJC_LITERAL_CONVERSION = YES;
				CLANG_WARN_OBJC_ROOT_CLASS = YES_ERROR;
				CLANG_WARN_RANGE_LOOP_ANALYSIS = YES;
				CLANG_WARN_STRICT_PROTOTYPES = YES;
				CLANG_WARN_SUSPICIOUS_MOVE = YES;
				CLANG_WARN_UNGUARDED_AVAILABILITY = YES_AGGRESSIVE;
				CLANG_WARN_UNREACHABLE_CODE = YES;
				CLANG_WARN__DUPLICATE_METHOD_MATCH = YES;
				CODE_SIGN_IDENTITY = "iPhone Developer";
				COPY_PHASE_STRIP = NO;
				DEBUG_INFORMATION_FORMAT = dwarf;
				ENABLE_STRICT_OBJC_MSGSEND = YES;
				ENABLE_TESTABILITY = YES;
				GCC_C_LANGUAGE_STANDARD = gnu11;
				GCC_DYNAMIC_NO_PIC = NO;
				GCC_NO_COMMON_BLOCKS = YES;
				GCC_OPTIMIZATION_LEVEL = 0;
				GCC_PREPROCESSOR_DEFINITIONS = (
					"DEBUG=1",
					"$(inherited)",
				);
				GCC_WARN_64_TO_32_BIT_CONVERSION = YES;
				GCC_WARN_ABOUT_RETURN_TYPE = YES_ERROR;
				GCC_WARN_UNDECLARED_SELECTOR = YES;
				GCC_WARN_UNINITIALIZED_AUTOS = YES_AGGRESSIVE;
				GCC_WARN_UNUSED_FUNCTION = YES;
				GCC_WARN_UNUSED_VARIABLE = YES;
				IPHONEOS_DEPLOYMENT_TARGET = 12.2;
				MTL_ENABLE_DEBUG_INFO = INCLUDE_SOURCE;
				MTL_FAST_MATH = YES;
				ONLY_ACTIVE_ARCH = YES;
				SDKROOT = iphoneos;
				SWIFT_ACTIVE_COMPILATION_CONDITIONS = DEBUG;
				SWIFT_OPTIMIZATION_LEVEL = "-Onone";
			};
			name = Debug;
		};
		E6BA2FAE230835B400292A2D /* Release */ = {
			isa = XCBuildConfiguration;
			buildSettings = {
				ALWAYS_SEARCH_USER_PATHS = NO;
				CLANG_ANALYZER_NONNULL = YES;
				CLANG_ANALYZER_NUMBER_OBJECT_CONVERSION = YES_AGGRESSIVE;
				CLANG_CXX_LANGUAGE_STANDARD = "gnu++14";
				CLANG_CXX_LIBRARY = "libc++";
				CLANG_ENABLE_MODULES = YES;
				CLANG_ENABLE_OBJC_ARC = YES;
				CLANG_ENABLE_OBJC_WEAK = YES;
				CLANG_WARN_BLOCK_CAPTURE_AUTORELEASING = YES;
				CLANG_WARN_BOOL_CONVERSION = YES;
				CLANG_WARN_COMMA = YES;
				CLANG_WARN_CONSTANT_CONVERSION = YES;
				CLANG_WARN_DEPRECATED_OBJC_IMPLEMENTATIONS = YES;
				CLANG_WARN_DIRECT_OBJC_ISA_USAGE = YES_ERROR;
				CLANG_WARN_DOCUMENTATION_COMMENTS = YES;
				CLANG_WARN_EMPTY_BODY = YES;
				CLANG_WARN_ENUM_CONVERSION = YES;
				CLANG_WARN_INFINITE_RECURSION = YES;
				CLANG_WARN_INT_CONVERSION = YES;
				CLANG_WARN_NON_LITERAL_NULL_CONVERSION = YES;
				CLANG_WARN_OBJC_IMPLICIT_RETAIN_SELF = YES;
				CLANG_WARN_OBJC_LITERAL_CONVERSION = YES;
				CLANG_WARN_OBJC_ROOT_CLASS = YES_ERROR;
				CLANG_WARN_RANGE_LOOP_ANALYSIS = YES;
				CLANG_WARN_STRICT_PROTOTYPES = YES;
				CLANG_WARN_SUSPICIOUS_MOVE = YES;
				CLANG_WARN_UNGUARDED_AVAILABILITY = YES_AGGRESSIVE;
				CLANG_WARN_UNREACHABLE_CODE = YES;
				CLANG_WARN__DUPLICATE_METHOD_MATCH = YES;
				CODE_SIGN_IDENTITY = "iPhone Developer";
				COPY_PHASE_STRIP = NO;
				DEBUG_INFORMATION_FORMAT = "dwarf-with-dsym";
				ENABLE_NS_ASSERTIONS = NO;
				ENABLE_STRICT_OBJC_MSGSEND = YES;
				GCC_C_LANGUAGE_STANDARD = gnu11;
				GCC_NO_COMMON_BLOCKS = YES;
				GCC_WARN_64_TO_32_BIT_CONVERSION = YES;
				GCC_WARN_ABOUT_RETURN_TYPE = YES_ERROR;
				GCC_WARN_UNDECLARED_SELECTOR = YES;
				GCC_WARN_UNINITIALIZED_AUTOS = YES_AGGRESSIVE;
				GCC_WARN_UNUSED_FUNCTION = YES;
				GCC_WARN_UNUSED_VARIABLE = YES;
				IPHONEOS_DEPLOYMENT_TARGET = 12.2;
				MTL_ENABLE_DEBUG_INFO = NO;
				MTL_FAST_MATH = YES;
				SDKROOT = iphoneos;
				SWIFT_COMPILATION_MODE = wholemodule;
				SWIFT_OPTIMIZATION_LEVEL = "-O";
				VALIDATE_PRODUCT = YES;
			};
			name = Release;
		};
		E6BA2FB0230835B400292A2D /* Debug */ = {
			isa = XCBuildConfiguration;
			baseConfigurationReference = 87D4227B0A47537750544A8A /* Pods-HowlTalk.debug.xcconfig */;
			buildSettings = {
				ASSETCATALOG_COMPILER_APPICON_NAME = AppIcon;
				CODE_SIGN_STYLE = Automatic;
				DEVELOPMENT_TEAM = G4MM77V7NH;
				INFOPLIST_FILE = HowlTalk/Info.plist;
				LD_RUNPATH_SEARCH_PATHS = (
					"$(inherited)",
					"@executable_path/Frameworks",
				);
				PRODUCT_BUNDLE_IDENTIFIER = org.suyeon.HowlTalk;
				PRODUCT_NAME = "$(TARGET_NAME)";
				SWIFT_VERSION = 5.0;
				TARGETED_DEVICE_FAMILY = "1,2";
			};
			name = Debug;
		};
		E6BA2FB1230835B400292A2D /* Release */ = {
			isa = XCBuildConfiguration;
			baseConfigurationReference = E5D7B6F88D4C151D7B732CB1 /* Pods-HowlTalk.release.xcconfig */;
			buildSettings = {
				ASSETCATALOG_COMPILER_APPICON_NAME = AppIcon;
				CODE_SIGN_STYLE = Automatic;
				DEVELOPMENT_TEAM = G4MM77V7NH;
				INFOPLIST_FILE = HowlTalk/Info.plist;
				LD_RUNPATH_SEARCH_PATHS = (
					"$(inherited)",
					"@executable_path/Frameworks",
				);
				PRODUCT_BUNDLE_IDENTIFIER = org.suyeon.HowlTalk;
				PRODUCT_NAME = "$(TARGET_NAME)";
				SWIFT_VERSION = 5.0;
				TARGETED_DEVICE_FAMILY = "1,2";
			};
			name = Release;
		};
/* End XCBuildConfiguration section */

/* Begin XCConfigurationList section */
		E6BA2F98230835B200292A2D /* Build configuration list for PBXProject "HowlTalk" */ = {
			isa = XCConfigurationList;
			buildConfigurations = (
				E6BA2FAD230835B400292A2D /* Debug */,
				E6BA2FAE230835B400292A2D /* Release */,
			);
			defaultConfigurationIsVisible = 0;
			defaultConfigurationName = Release;
		};
		E6BA2FAF230835B400292A2D /* Build configuration list for PBXNativeTarget "HowlTalk" */ = {
			isa = XCConfigurationList;
			buildConfigurations = (
				E6BA2FB0230835B400292A2D /* Debug */,
				E6BA2FB1230835B400292A2D /* Release */,
			);
			defaultConfigurationIsVisible = 0;
			defaultConfigurationName = Release;
		};
/* End XCConfigurationList section */
	};
	rootObject = E6BA2F95230835B200292A2D /* Project object */;
}
